
Microsoft Visual Studio Solution File, Format Version 12.00
# Visual Studio Version 16
VisualStudioVersion = 16.0.30011.22
MinimumVisualStudioVersion = 10.0.40219.1
Project("{9A19103F-16F7-4668-BE54-9A1E7A4F7556}") = "01_Atributos", "01_Atributos.csproj", "{F585C772-FEDD-49B3-856F-5EC2451CA873}"
EndProject
Project("{FAE04EC0-301F-11D3-BF4B-00C04F79EFBC}") = "02_Validacao", "..\ConsoleApp1\02_Validacao.csproj", "{C600D01C-CF98-4E6C-ABD4-B35ACDCB9357}"
EndProject
Project("{FAE04EC0-301F-11D3-BF4B-00C04F79EFBC}") = "03_ValidacaoCustomizada", "..\03_ValidacaoCustomizada\03_ValidacaoCustomizada.csproj", "{5EC715C2-2985-4566-8C7C-69EDDDC0D8C7}"
EndProject
Project("{FAE04EC0-301F-11D3-BF4B-00C04F79EFBC}") = "04_Reflections", "..\04_Reflections\04_Reflections.csproj", "{16B8BD32-1948-40BA-A170-46BEB380A705}"
EndProject
Global
	GlobalSection(SolutionConfigurationPlatforms) = preSolution
		Debug|Any CPU = Debug|Any CPU
		Release|Any CPU = Release|Any CPU
	EndGlobalSection
	GlobalSection(ProjectConfigurationPlatforms) = postSolution
		{F585C772-FEDD-49B3-856F-5EC2451CA873}.Debug|Any CPU.ActiveCfg = Debug|Any CPU
		{F585C772-FEDD-49B3-856F-5EC2451CA873}.Debug|Any CPU.Build.0 = Debug|Any CPU
		{F585C772-FEDD-49B3-856F-5EC2451CA873}.Release|Any CPU.ActiveCfg = Release|Any CPU
		{F585C772-FEDD-49B3-856F-5EC2451CA873}.Release|Any CPU.Build.0 = Release|Any CPU
		{C600D01C-CF98-4E6C-ABD4-B35ACDCB9357}.Debug|Any CPU.ActiveCfg = Debug|Any CPU
		{C600D01C-CF98-4E6C-ABD4-B35ACDCB9357}.Debug|Any CPU.Build.0 = Debug|Any CPU
		{C600D01C-CF98-4E6C-ABD4-B35ACDCB9357}.Release|Any CPU.ActiveCfg = Release|Any CPU
		{C600D01C-CF98-4E6C-ABD4-B35ACDCB9357}.Release|Any CPU.Build.0 = Release|Any CPU
		{5EC715C2-2985-4566-8C7C-69EDDDC0D8C7}.Debug|Any CPU.ActiveCfg = Debug|Any CPU
		{5EC715C2-2985-4566-8C7C-69EDDDC0D8C7}.Debug|Any CPU.Build.0 = Debug|Any CPU
		{5EC715C2-2985-4566-8C7C-69EDDDC0D8C7}.Release|Any CPU.ActiveCfg = Release|Any CPU
		{5EC715C2-2985-4566-8C7C-69EDDDC0D8C7}.Release|Any CPU.Build.0 = Release|Any CPU
		{16B8BD32-1948-40BA-A170-46BEB380A705}.Debug|Any CPU.ActiveCfg = Debug|Any CPU
		{16B8BD32-1948-40BA-A170-46BEB380A705}.Debug|Any CPU.Build.0 = Debug|Any CPU
		{16B8BD32-1948-40BA-A170-46BEB380A705}.Release|Any CPU.ActiveCfg = Release|Any CPU
		{16B8BD32-1948-40BA-A170-46BEB380A705}.Release|Any CPU.Build.0 = Release|Any CPU
	EndGlobalSection
	GlobalSection(SolutionProperties) = preSolution
		HideSolutionNode = FALSE
	EndGlobalSection
	GlobalSection(ExtensibilityGlobals) = postSolution
		SolutionGuid = {06DD8812-8275-4CF3-BEC3-029123E3433B}
	EndGlobalSection
EndGlobal
